<Solution>
  <Folder Name="/Solution Items/">
    <File Path=".editorconfig" />
  </Folder>
  <Project Path="DominoPontaDeQuina.Core/DominoPontaDeQuina.Core.csproj" />
  <Project Path="DominoPontaDeQuina.Domain/DominoPontaDeQuina.Domain.csproj" />
  <Project Path="DominoPontaDeQuina.Repository/DominoPontaDeQuina.Repository.csproj" />
  <Project Path="DominoPontaDeQuina.Migrations/DominoPontaDeQuina.Migrations.csproj" />
  <Project Path="DominoPontaDeQuina.Tests/DominoPontaDeQuina.Tests.csproj" />
</Solution>
